{
  "name": "websitesummarizer",
  "version": "1.0.0",
  "lockfileVersion": 3,
  "requires": true,
  "packages": {
    "": {
      "name": "websitesummarizer",
      "version": "1.0.0",
      "license": "ISC",
      "dependencies": {
        "openai": "^6.2.0"
      }
    },
    "node_modules/openai": {
      "version": "6.2.0",
      "resolved": "https://registry.npmjs.org/openai/-/openai-6.2.0.tgz",
      "integrity": "sha512-qqjzHls7F5xkXNGy9P1Ei1rorI5LWupUUFWP66zPU8FlZbiITX8SFcHMKNZg/NATJ0LpIZcMUFxSwQmdeQPwSw==",
      "license": "Apache-2.0",
      "bin": {
        "openai": "bin/cli"
      },
      "peerDependencies": {
        "ws": "^8.18.0",
        "zod": "^3.25 || ^4.0"
      },
      "peerDependenciesMeta": {
        "ws": {
          "optional": true
        },
        "zod": {
          "optional": true
        }
      }
    }
  }
}
